PODS:
  - Capacitor (5.0.5):
    - CapacitorCordova
  - CapacitorCordova (5.0.5)
  - CapacitorSecureStoragePlugin (0.9.0):
    - Capacitor
    - SwiftKeychainWrapper
  - SwiftKeychainWrapper (4.0.1)

DEPENDENCIES:
  - "Capacitor (from `../../node_modules/@capacitor/ios`)"
  - "CapacitorCordova (from `../../node_modules/@capacitor/ios`)"
  - CapacitorSecureStoragePlugin (from `../../node_modules/capacitor-secure-storage-plugin`)

SPEC REPOS:
  trunk:
    - SwiftKeychainWrapper

EXTERNAL SOURCES:
  Capacitor:
    :path: "../../node_modules/@capacitor/ios"
  CapacitorCordova:
    :path: "../../node_modules/@capacitor/ios"
  CapacitorSecureStoragePlugin:
    :path: "../../node_modules/capacitor-secure-storage-plugin"

SPEC CHECKSUMS:
  Capacitor: b1248915663add1bd6567e2b67c1c1fa3abcf5e8
  CapacitorCordova: f8c06b897c74ee8f7701fe10e6443b40822bc83a
  CapacitorSecureStoragePlugin: e91d7df060f2495a1acff9583641a6953e3aacba
  SwiftKeychainWrapper: 807ba1d63c33a7d0613288512399cd1eda1e470c

PODFILE CHECKSUM: 2bbeb8dc383c27894eca642c863640429e2cd116

COCOAPODS: 1.12.1
